
Microsoft Visual Studio Solution File, Format Version 12.00
# Visual Studio Version 17
VisualStudioVersion = 17.0.32112.339
MinimumVisualStudioVersion = 10.0.40219.1
Project("{8BC9CEB8-8B4A-11D0-8D11-00A0C91BC942}") = "Lab 5", "Lab 5\Lab 5.vcxproj", "{EC939FA5-1327-4392-88CF-FAAF46CB455C}"
EndProject
Project("{8BC9CEB8-8B4A-11D0-8D11-00A0C91BC942}") = "Lab 5 Template", "Lab 5 Template\Lab 5 Template.vcxproj", "{63EB27DE-5C4A-462E-BC35-28F7CBBFC058}"
EndProject
Global
	GlobalSection(SolutionConfigurationPlatforms) = preSolution
		Debug|x64 = Debug|x64
		Debug|x86 = Debug|x86
		Release|x64 = Release|x64
		Release|x86 = Release|x86
	EndGlobalSection
	GlobalSection(ProjectConfigurationPlatforms) = postSolution
		{EC939FA5-1327-4392-88CF-FAAF46CB455C}.Debug|x64.ActiveCfg = Debug|x64
		{EC939FA5-1327-4392-88CF-FAAF46CB455C}.Debug|x64.Build.0 = Debug|x64
		{EC939FA5-1327-4392-88CF-FAAF46CB455C}.Debug|x86.ActiveCfg = Debug|Win32
		{EC939FA5-1327-4392-88CF-FAAF46CB455C}.Debug|x86.Build.0 = Debug|Win32
		{EC939FA5-1327-4392-88CF-FAAF46CB455C}.Release|x64.ActiveCfg = Release|x64
		{EC939FA5-1327-4392-88CF-FAAF46CB455C}.Release|x64.Build.0 = Release|x64
		{EC939FA5-1327-4392-88CF-FAAF46CB455C}.Release|x86.ActiveCfg = Release|Win32
		{EC939FA5-1327-4392-88CF-FAAF46CB455C}.Release|x86.Build.0 = Release|Win32
		{63EB27DE-5C4A-462E-BC35-28F7CBBFC058}.Debug|x64.ActiveCfg = Debug|x64
		{63EB27DE-5C4A-462E-BC35-28F7CBBFC058}.Debug|x64.Build.0 = Debug|x64
		{63EB27DE-5C4A-462E-BC35-28F7CBBFC058}.Debug|x86.ActiveCfg = Debug|Win32
		{63EB27DE-5C4A-462E-BC35-28F7CBBFC058}.Debug|x86.Build.0 = Debug|Win32
		{63EB27DE-5C4A-462E-BC35-28F7CBBFC058}.Release|x64.ActiveCfg = Release|x64
		{63EB27DE-5C4A-462E-BC35-28F7CBBFC058}.Release|x64.Build.0 = Release|x64
		{63EB27DE-5C4A-462E-BC35-28F7CBBFC058}.Release|x86.ActiveCfg = Release|Win32
		{63EB27DE-5C4A-462E-BC35-28F7CBBFC058}.Release|x86.Build.0 = Release|Win32
	EndGlobalSection
	GlobalSection(SolutionProperties) = preSolution
		HideSolutionNode = FALSE
	EndGlobalSection
	GlobalSection(ExtensibilityGlobals) = postSolution
		SolutionGuid = {89F92370-93BC-4A81-8C60-65579A41A30D}
	EndGlobalSection
EndGlobal
